Microsoft Visual Studio Solution File, Format Version 12.00
# Visual Studio Version 17
VisualStudioVersion = 17.5.2.0
MinimumVisualStudioVersion = 10.0.40219.1
Project("{FAE04EC0-301F-11D3-BF4B-00C04F79EFBC}") = "KruskalRoadPlanner", "KruskalRoadPlanner\KruskalRoadPlanner.csproj", "{EF5CDE2C-3F94-17AC-E0C2-434B8AD5598E}"
EndProject
Global
	GlobalSection(SolutionConfigurationPlatforms) = preSolution
		Debug|Any CPU = Debug|Any CPU
		Release|Any CPU = Release|Any CPU
	EndGlobalSection
	GlobalSection(ProjectConfigurationPlatforms) = postSolution
		{EF5CDE2C-3F94-17AC-E0C2-434B8AD5598E}.Debug|Any CPU.ActiveCfg = Debug|Any CPU
		{EF5CDE2C-3F94-17AC-E0C2-434B8AD5598E}.Debug|Any CPU.Build.0 = Debug|Any CPU
		{EF5CDE2C-3F94-17AC-E0C2-434B8AD5598E}.Release|Any CPU.ActiveCfg = Release|Any CPU
		{EF5CDE2C-3F94-17AC-E0C2-434B8AD5598E}.Release|Any CPU.Build.0 = Release|Any CPU
	EndGlobalSection
	GlobalSection(SolutionProperties) = preSolution
		HideSolutionNode = FALSE
	EndGlobalSection
	GlobalSection(ExtensibilityGlobals) = postSolution
		SolutionGuid = {45285C78-0936-4E74-BB3A-2AA2A642E9CB}
	EndGlobalSection
EndGlobal
